
Microsoft Visual Studio Solution File, Format Version 12.00
# Visual Studio Version 16
VisualStudioVersion = 16.0.31729.503
MinimumVisualStudioVersion = 10.0.40219.1
Project("{9A19103F-16F7-4668-BE54-9A1E7A4F7556}") = "SouqElgomlaAPI", "SouqElgomlaAPI\SouqElgomlaAPI.csproj", "{07A4A6CB-ED11-41A3-BF09-BAB8926A03BB}"
EndProject
Project("{9A19103F-16F7-4668-BE54-9A1E7A4F7556}") = "Data", "Data\Data.csproj", "{E2C67EB8-7E9B-49C3-91FE-A180433A80A2}"
EndProject
Project("{9A19103F-16F7-4668-BE54-9A1E7A4F7556}") = "Models", "Models\Models.csproj", "{AE2A22AE-DD41-427F-855F-DF392ED0A49F}"
EndProject
Project("{9A19103F-16F7-4668-BE54-9A1E7A4F7556}") = "ViewModels", "ViewModels\ViewModels.csproj", "{31F35969-74D4-47A4-B093-A13D9AC0E60E}"
EndProject
Project("{9A19103F-16F7-4668-BE54-9A1E7A4F7556}") = "Repositories", "Repositories\Repositories.csproj", "{83671273-BF12-4FBF-BA5E-6CAE1638BE5E}"
EndProject
Global
	GlobalSection(SolutionConfigurationPlatforms) = preSolution
		Debug|Any CPU = Debug|Any CPU
		Release|Any CPU = Release|Any CPU
	EndGlobalSection
	GlobalSection(ProjectConfigurationPlatforms) = postSolution
		{07A4A6CB-ED11-41A3-BF09-BAB8926A03BB}.Debug|Any CPU.ActiveCfg = Debug|Any CPU
		{07A4A6CB-ED11-41A3-BF09-BAB8926A03BB}.Debug|Any CPU.Build.0 = Debug|Any CPU
		{07A4A6CB-ED11-41A3-BF09-BAB8926A03BB}.Release|Any CPU.ActiveCfg = Release|Any CPU
		{07A4A6CB-ED11-41A3-BF09-BAB8926A03BB}.Release|Any CPU.Build.0 = Release|Any CPU
		{E2C67EB8-7E9B-49C3-91FE-A180433A80A2}.Debug|Any CPU.ActiveCfg = Debug|Any CPU
		{E2C67EB8-7E9B-49C3-91FE-A180433A80A2}.Debug|Any CPU.Build.0 = Debug|Any CPU
		{E2C67EB8-7E9B-49C3-91FE-A180433A80A2}.Release|Any CPU.ActiveCfg = Release|Any CPU
		{E2C67EB8-7E9B-49C3-91FE-A180433A80A2}.Release|Any CPU.Build.0 = Release|Any CPU
		{AE2A22AE-DD41-427F-855F-DF392ED0A49F}.Debug|Any CPU.ActiveCfg = Debug|Any CPU
		{AE2A22AE-DD41-427F-855F-DF392ED0A49F}.Debug|Any CPU.Build.0 = Debug|Any CPU
		{AE2A22AE-DD41-427F-855F-DF392ED0A49F}.Release|Any CPU.ActiveCfg = Release|Any CPU
		{AE2A22AE-DD41-427F-855F-DF392ED0A49F}.Release|Any CPU.Build.0 = Release|Any CPU
		{31F35969-74D4-47A4-B093-A13D9AC0E60E}.Debug|Any CPU.ActiveCfg = Debug|Any CPU
		{31F35969-74D4-47A4-B093-A13D9AC0E60E}.Debug|Any CPU.Build.0 = Debug|Any CPU
		{31F35969-74D4-47A4-B093-A13D9AC0E60E}.Release|Any CPU.ActiveCfg = Release|Any CPU
		{31F35969-74D4-47A4-B093-A13D9AC0E60E}.Release|Any CPU.Build.0 = Release|Any CPU
		{83671273-BF12-4FBF-BA5E-6CAE1638BE5E}.Debug|Any CPU.ActiveCfg = Debug|Any CPU
		{83671273-BF12-4FBF-BA5E-6CAE1638BE5E}.Debug|Any CPU.Build.0 = Debug|Any CPU
		{83671273-BF12-4FBF-BA5E-6CAE1638BE5E}.Release|Any CPU.ActiveCfg = Release|Any CPU
		{83671273-BF12-4FBF-BA5E-6CAE1638BE5E}.Release|Any CPU.Build.0 = Release|Any CPU
	EndGlobalSection
	GlobalSection(SolutionProperties) = preSolution
		HideSolutionNode = FALSE
	EndGlobalSection
	GlobalSection(ExtensibilityGlobals) = postSolution
		SolutionGuid = {9942416C-21B4-43F1-87C1-1E92053FD1C2}
	EndGlobalSection
EndGlobal
